{
  "version": 4,
  "terraform_version": "1.13.2",
  "serial": 21,
  "lineage": "9fddb632-f4bb-2931-dd1f-232edc7a3d82",
  "outputs": {
    "output": {
      "value": [
        {
          "role": "AmazonEC2FullAccess",
          "username": "Aarjav"
        },
        {
          "role": "AmazonS3ReadOnlyAccess",
          "username": "Saanvi"
        },
        {
          "role": "AmazonEC2FullAccess",
          "username": "Yug"
        },
        {
          "role": "AmazonS3ReadOnlyAccess",
          "username": "Yug"
        }
      ],
      "type": [
        "tuple",
        [
          [
            "object",
            {
              "role": "string",
              "username": "string"
            }
          ],
          [
            "object",
            {
              "role": "string",
              "username": "string"
            }
          ],
          [
            "object",
            {
              "role": "string",
              "username": "string"
            }
          ],
          [
            "object",
            {
              "role": "string",
              "username": "string"
            }
          ]
        ]
      ]
    }
  },
  "resources": [
    {
      "mode": "managed",
      "type": "aws_iam_user",
      "name": "users",
      "provider": "provider[\"registry.terraform.io/hashicorp/aws\"]",
      "instances": [
        {
          "index_key": "Aarjav",
          "schema_version": 0,
          "attributes": {
            "arn": "arn:aws:iam::605134431558:user/Aarjav",
            "force_destroy": false,
            "id": "Aarjav",
            "name": "Aarjav",
            "path": "/",
            "permissions_boundary": "",
            "tags": {},
            "tags_all": {},
            "unique_id": "AIDAYZZGSUVDDQKXU5T45"
          },
          "sensitive_attributes": [],
          "identity_schema_version": 0,
          "private": "bnVsbA=="
        },
        {
          "index_key": "Saanvi",
          "schema_version": 0,
          "attributes": {
            "arn": "arn:aws:iam::605134431558:user/Saanvi",
            "force_destroy": false,
            "id": "Saanvi",
            "name": "Saanvi",
            "path": "/",
            "permissions_boundary": "",
            "tags": {},
            "tags_all": {},
            "unique_id": "AIDAYZZGSUVDGIJDU2YLB"
          },
          "sensitive_attributes": [],
          "identity_schema_version": 0,
          "private": "bnVsbA=="
        },
        {
          "index_key": "Yug",
          "schema_version": 0,
          "attributes": {
            "arn": "arn:aws:iam::605134431558:user/Yug",
            "force_destroy": false,
            "id": "Yug",
            "name": "Yug",
            "path": "/",
            "permissions_boundary": "",
            "tags": {},
            "tags_all": {},
            "unique_id": "AIDAYZZGSUVDJQFSXN5C2"
          },
          "sensitive_attributes": [],
          "identity_schema_version": 0,
          "private": "bnVsbA=="
        }
      ]
    },
    {
      "mode": "managed",
      "type": "aws_iam_user_login_profile",
      "name": "profile",
      "provider": "provider[\"registry.terraform.io/hashicorp/aws\"]",
      "instances": [
        {
          "index_key": "Aarjav",
          "schema_version": 0,
          "attributes": {
            "encrypted_password": null,
            "id": "Aarjav",
            "key_fingerprint": null,
            "password": "]iN1is+(D%Ah",
            "password_length": 12,
            "password_reset_required": null,
            "pgp_key": null,
            "user": "Aarjav"
          },
          "sensitive_attributes": [
            [
              {
                "type": "get_attr",
                "value": "password"
              }
            ]
          ],
          "identity_schema_version": 0,
          "private": "bnVsbA==",
          "dependencies": [
            "aws_iam_user.users"
          ]
        },
        {
          "index_key": "Saanvi",
          "schema_version": 0,
          "attributes": {
            "encrypted_password": null,
            "id": "Saanvi",
            "key_fingerprint": null,
            "password": "8Afg+=F)HLFp",
            "password_length": 12,
            "password_reset_required": null,
            "pgp_key": null,
            "user": "Saanvi"
          },
          "sensitive_attributes": [
            [
              {
                "type": "get_attr",
                "value": "password"
              }
            ]
          ],
          "identity_schema_version": 0,
          "private": "bnVsbA==",
          "dependencies": [
            "aws_iam_user.users"
          ]
        },
        {
          "index_key": "Yug",
          "schema_version": 0,
          "attributes": {
            "encrypted_password": null,
            "id": "Yug",
            "key_fingerprint": null,
            "password": "I5W1oD0]${n!",
            "password_length": 12,
            "password_reset_required": null,
            "pgp_key": null,
            "user": "Yug"
          },
          "sensitive_attributes": [
            [
              {
                "type": "get_attr",
                "value": "password"
              }
            ]
          ],
          "identity_schema_version": 0,
          "private": "bnVsbA==",
          "dependencies": [
            "aws_iam_user.users"
          ]
        }
      ]
    },
    {
      "mode": "managed",
      "type": "aws_iam_user_policy_attachment",
      "name": "main",
      "provider": "provider[\"registry.terraform.io/hashicorp/aws\"]",
      "instances": [
        {
          "index_key": "Aarjav-AmazonEC2FullAccess",
          "schema_version": 0,
          "attributes": {
            "id": "Aarjav-20250914201344419200000004",
            "policy_arn": "arn:aws:iam::aws:policy/AmazonEC2FullAccess",
            "user": "Aarjav"
          },
          "sensitive_attributes": [],
          "identity_schema_version": 0,
          "private": "bnVsbA==",
          "dependencies": [
            "aws_iam_user.users"
          ]
        },
        {
          "index_key": "Saanvi-AmazonS3ReadOnlyAccess",
          "schema_version": 0,
          "attributes": {
            "id": "Saanvi-20250914201344381000000001",
            "policy_arn": "arn:aws:iam::aws:policy/AmazonS3ReadOnlyAccess",
            "user": "Saanvi"
          },
          "sensitive_attributes": [],
          "identity_schema_version": 0,
          "private": "bnVsbA==",
          "dependencies": [
            "aws_iam_user.users"
          ]
        },
        {
          "index_key": "Yug-AmazonEC2FullAccess",
          "schema_version": 0,
          "attributes": {
            "id": "Yug-20250914201344381000000002",
            "policy_arn": "arn:aws:iam::aws:policy/AmazonEC2FullAccess",
            "user": "Yug"
          },
          "sensitive_attributes": [],
          "identity_schema_version": 0,
          "private": "bnVsbA==",
          "dependencies": [
            "aws_iam_user.users"
          ]
        },
        {
          "index_key": "Yug-AmazonS3ReadOnlyAccess",
          "schema_version": 0,
          "attributes": {
            "id": "Yug-20250914201344405300000003",
            "policy_arn": "arn:aws:iam::aws:policy/AmazonS3ReadOnlyAccess",
            "user": "Yug"
          },
          "sensitive_attributes": [],
          "identity_schema_version": 0,
          "private": "bnVsbA==",
          "dependencies": [
            "aws_iam_user.users"
          ]
        }
      ]
    }
  ],
  "check_results": null
}
